
Microsoft Visual Studio Solution File, Format Version 12.00
# Visual Studio Version 17
VisualStudioVersion = 17.5.33424.131
MinimumVisualStudioVersion = 10.0.40219.1
Project("{2150E333-8FDC-42A3-9474-1A3956D46DE8}") = "src", "src", "{2E378479-4965-43F7-A897-3C3A425B7C52}"
EndProject
Project("{2150E333-8FDC-42A3-9474-1A3956D46DE8}") = "Common", "Common", "{107776C6-7526-4F49-B64E-9041B514D25B}"
EndProject
Project("{2150E333-8FDC-42A3-9474-1A3956D46DE8}") = "Board", "Board", "{CE4071F1-30EB-4CBC-B949-F3E4D9E9E305}"
EndProject
Project("{2150E333-8FDC-42A3-9474-1A3956D46DE8}") = "Application", "Application", "{9422793C-4BFD-47F9-B6D6-120A2E5C4BF8}"
EndProject
Project("{2150E333-8FDC-42A3-9474-1A3956D46DE8}") = "Domain", "Domain", "{9FBAB898-0CEF-4683-8E94-AECF68E4649E}"
EndProject
Project("{2150E333-8FDC-42A3-9474-1A3956D46DE8}") = "Infrastructure", "Infrastructure", "{E46B8F06-9000-456C-A93F-DCBF3767035E}"
EndProject
Project("{2150E333-8FDC-42A3-9474-1A3956D46DE8}") = "Contracts", "Contracts", "{E23DE34C-5801-4A97-9988-9E2985091D7C}"
EndProject
Project("{2150E333-8FDC-42A3-9474-1A3956D46DE8}") = "Host", "Host", "{CE061C4B-63AA-43E0-9057-B4F8008B3C6A}"
EndProject
Project("{9A19103F-16F7-4668-BE54-9A1E7A4F7556}") = "Board.Application.AppData", "src\Board\Application\Board.Application.AppData\Board.Application.AppData.csproj", "{1C8F72DB-B6B3-4B3E-A268-C986BDE3CEE3}"
EndProject
Project("{9A19103F-16F7-4668-BE54-9A1E7A4F7556}") = "Board.Contracts", "src\Board\Contracts\Board.Contracts\Board.Contracts.csproj", "{D82ED6E6-D174-4559-95EF-B1AB65993812}"
EndProject
Project("{9A19103F-16F7-4668-BE54-9A1E7A4F7556}") = "Board.Domain", "src\Board\Domain\Board.Domain\Board.Domain.csproj", "{67EE0F1C-CB26-4FDA-B369-9289772B0FC3}"
EndProject
Project("{9A19103F-16F7-4668-BE54-9A1E7A4F7556}") = "Board.Infrastucture", "src\Board\Infrastucture\Board.Infrastucture\Board.Infrastucture.csproj", "{786B45CE-AC0B-47FB-8309-E23EC7604502}"
EndProject
Project("{9A19103F-16F7-4668-BE54-9A1E7A4F7556}") = "Board.Infrastucture.DataAccess", "src\Board\Infrastucture\Board.Infrastucture.DataAccess\Board.Infrastucture.DataAccess.csproj", "{12F1CEC9-6028-40A4-9494-0B04F50ABD6E}"
EndProject
Project("{9A19103F-16F7-4668-BE54-9A1E7A4F7556}") = "Board.Host.Api", "src\Board\Host\Board.Host.Api\Board.Host.Api.csproj", "{19835556-9F2F-45A4-9644-2288E9D819F8}"
EndProject
Project("{2150E333-8FDC-42A3-9474-1A3956D46DE8}") = "misc", "misc", "{85E7C221-28E2-420D-A64E-52DBF05CA0C0}"
	ProjectSection(SolutionItems) = preProject
		.dockerignore = .dockerignore
		.gitignore = .gitignore
		docker-compose.yml = docker-compose.yml
		LICENSE = LICENSE
		README.md = README.md
	EndProjectSection
EndProject
Project("{2150E333-8FDC-42A3-9474-1A3956D46DE8}") = "tests", "tests", "{586B44F7-4061-40C1-9A68-35A3C0F8CB23}"
EndProject
Project("{2150E333-8FDC-42A3-9474-1A3956D46DE8}") = "doc", "doc", "{A138D0FD-6C8D-470F-B618-A46D964DA938}"
EndProject
Project("{9A19103F-16F7-4668-BE54-9A1E7A4F7556}") = "Board.Host.DbMigrator", "src\Board\Host\Board.Host.DbMigrator\Board.Host.DbMigrator.csproj", "{5029B205-28AD-43E9-A095-AB29E1EC5394}"
EndProject
Project("{FAE04EC0-301F-11D3-BF4B-00C04F79EFBC}") = "Board.Tests", "src\Board\Tests\Board.Tests\Board.Tests.csproj", "{EB39E297-5C09-4BE6-8666-677E2E614410}"
EndProject
Global
	GlobalSection(SolutionConfigurationPlatforms) = preSolution
		Debug|Any CPU = Debug|Any CPU
		Release|Any CPU = Release|Any CPU
	EndGlobalSection
	GlobalSection(ProjectConfigurationPlatforms) = postSolution
		{1C8F72DB-B6B3-4B3E-A268-C986BDE3CEE3}.Debug|Any CPU.ActiveCfg = Debug|Any CPU
		{1C8F72DB-B6B3-4B3E-A268-C986BDE3CEE3}.Debug|Any CPU.Build.0 = Debug|Any CPU
		{1C8F72DB-B6B3-4B3E-A268-C986BDE3CEE3}.Release|Any CPU.ActiveCfg = Release|Any CPU
		{1C8F72DB-B6B3-4B3E-A268-C986BDE3CEE3}.Release|Any CPU.Build.0 = Release|Any CPU
		{D82ED6E6-D174-4559-95EF-B1AB65993812}.Debug|Any CPU.ActiveCfg = Debug|Any CPU
		{D82ED6E6-D174-4559-95EF-B1AB65993812}.Debug|Any CPU.Build.0 = Debug|Any CPU
		{D82ED6E6-D174-4559-95EF-B1AB65993812}.Release|Any CPU.ActiveCfg = Release|Any CPU
		{D82ED6E6-D174-4559-95EF-B1AB65993812}.Release|Any CPU.Build.0 = Release|Any CPU
		{67EE0F1C-CB26-4FDA-B369-9289772B0FC3}.Debug|Any CPU.ActiveCfg = Debug|Any CPU
		{67EE0F1C-CB26-4FDA-B369-9289772B0FC3}.Debug|Any CPU.Build.0 = Debug|Any CPU
		{67EE0F1C-CB26-4FDA-B369-9289772B0FC3}.Release|Any CPU.ActiveCfg = Release|Any CPU
		{67EE0F1C-CB26-4FDA-B369-9289772B0FC3}.Release|Any CPU.Build.0 = Release|Any CPU
		{786B45CE-AC0B-47FB-8309-E23EC7604502}.Debug|Any CPU.ActiveCfg = Debug|Any CPU
		{786B45CE-AC0B-47FB-8309-E23EC7604502}.Debug|Any CPU.Build.0 = Debug|Any CPU
		{786B45CE-AC0B-47FB-8309-E23EC7604502}.Release|Any CPU.ActiveCfg = Release|Any CPU
		{786B45CE-AC0B-47FB-8309-E23EC7604502}.Release|Any CPU.Build.0 = Release|Any CPU
		{12F1CEC9-6028-40A4-9494-0B04F50ABD6E}.Debug|Any CPU.ActiveCfg = Debug|Any CPU
		{12F1CEC9-6028-40A4-9494-0B04F50ABD6E}.Debug|Any CPU.Build.0 = Debug|Any CPU
		{12F1CEC9-6028-40A4-9494-0B04F50ABD6E}.Release|Any CPU.ActiveCfg = Release|Any CPU
		{12F1CEC9-6028-40A4-9494-0B04F50ABD6E}.Release|Any CPU.Build.0 = Release|Any CPU
		{19835556-9F2F-45A4-9644-2288E9D819F8}.Debug|Any CPU.ActiveCfg = Debug|Any CPU
		{19835556-9F2F-45A4-9644-2288E9D819F8}.Debug|Any CPU.Build.0 = Debug|Any CPU
		{19835556-9F2F-45A4-9644-2288E9D819F8}.Release|Any CPU.ActiveCfg = Release|Any CPU
		{19835556-9F2F-45A4-9644-2288E9D819F8}.Release|Any CPU.Build.0 = Release|Any CPU
		{5029B205-28AD-43E9-A095-AB29E1EC5394}.Debug|Any CPU.ActiveCfg = Debug|Any CPU
		{5029B205-28AD-43E9-A095-AB29E1EC5394}.Debug|Any CPU.Build.0 = Debug|Any CPU
		{5029B205-28AD-43E9-A095-AB29E1EC5394}.Release|Any CPU.ActiveCfg = Release|Any CPU
		{5029B205-28AD-43E9-A095-AB29E1EC5394}.Release|Any CPU.Build.0 = Release|Any CPU
		{EB39E297-5C09-4BE6-8666-677E2E614410}.Debug|Any CPU.ActiveCfg = Debug|Any CPU
		{EB39E297-5C09-4BE6-8666-677E2E614410}.Debug|Any CPU.Build.0 = Debug|Any CPU
		{EB39E297-5C09-4BE6-8666-677E2E614410}.Release|Any CPU.ActiveCfg = Release|Any CPU
		{EB39E297-5C09-4BE6-8666-677E2E614410}.Release|Any CPU.Build.0 = Release|Any CPU
	EndGlobalSection
	GlobalSection(SolutionProperties) = preSolution
		HideSolutionNode = FALSE
	EndGlobalSection
	GlobalSection(NestedProjects) = preSolution
		{107776C6-7526-4F49-B64E-9041B514D25B} = {2E378479-4965-43F7-A897-3C3A425B7C52}
		{CE4071F1-30EB-4CBC-B949-F3E4D9E9E305} = {2E378479-4965-43F7-A897-3C3A425B7C52}
		{9422793C-4BFD-47F9-B6D6-120A2E5C4BF8} = {CE4071F1-30EB-4CBC-B949-F3E4D9E9E305}
		{9FBAB898-0CEF-4683-8E94-AECF68E4649E} = {CE4071F1-30EB-4CBC-B949-F3E4D9E9E305}
		{E46B8F06-9000-456C-A93F-DCBF3767035E} = {CE4071F1-30EB-4CBC-B949-F3E4D9E9E305}
		{E23DE34C-5801-4A97-9988-9E2985091D7C} = {CE4071F1-30EB-4CBC-B949-F3E4D9E9E305}
		{CE061C4B-63AA-43E0-9057-B4F8008B3C6A} = {CE4071F1-30EB-4CBC-B949-F3E4D9E9E305}
		{1C8F72DB-B6B3-4B3E-A268-C986BDE3CEE3} = {9422793C-4BFD-47F9-B6D6-120A2E5C4BF8}
		{D82ED6E6-D174-4559-95EF-B1AB65993812} = {E23DE34C-5801-4A97-9988-9E2985091D7C}
		{67EE0F1C-CB26-4FDA-B369-9289772B0FC3} = {9FBAB898-0CEF-4683-8E94-AECF68E4649E}
		{786B45CE-AC0B-47FB-8309-E23EC7604502} = {E46B8F06-9000-456C-A93F-DCBF3767035E}
		{12F1CEC9-6028-40A4-9494-0B04F50ABD6E} = {E46B8F06-9000-456C-A93F-DCBF3767035E}
		{19835556-9F2F-45A4-9644-2288E9D819F8} = {CE061C4B-63AA-43E0-9057-B4F8008B3C6A}
		{5029B205-28AD-43E9-A095-AB29E1EC5394} = {CE061C4B-63AA-43E0-9057-B4F8008B3C6A}
		{EB39E297-5C09-4BE6-8666-677E2E614410} = {586B44F7-4061-40C1-9A68-35A3C0F8CB23}
	EndGlobalSection
	GlobalSection(ExtensibilityGlobals) = postSolution
		SolutionGuid = {58C3F7E7-8DA0-47D3-98F7-844AA3EEF659}
	EndGlobalSection
EndGlobal
